
Microsoft Visual Studio Solution File, Format Version 12.00
# Visual Studio Version 17
VisualStudioVersion = 17.5.002.0
MinimumVisualStudioVersion = 10.0.40219.1
Project("{9A19103F-16F7-4668-BE54-9A1E7A4F7556}") = "LHPet", "LHPet.csproj", "{5012AF97-15C4-4FA8-B446-E6BD5C39FE69}"
EndProject
Global
	GlobalSection(SolutionConfigurationPlatforms) = preSolution
		Debug|Any CPU = Debug|Any CPU
		Release|Any CPU = Release|Any CPU
	EndGlobalSection
	GlobalSection(ProjectConfigurationPlatforms) = postSolution
		{5012AF97-15C4-4FA8-B446-E6BD5C39FE69}.Debug|Any CPU.ActiveCfg = Debug|Any CPU
		{5012AF97-15C4-4FA8-B446-E6BD5C39FE69}.Debug|Any CPU.Build.0 = Debug|Any CPU
		{5012AF97-15C4-4FA8-B446-E6BD5C39FE69}.Release|Any CPU.ActiveCfg = Release|Any CPU
		{5012AF97-15C4-4FA8-B446-E6BD5C39FE69}.Release|Any CPU.Build.0 = Release|Any CPU
	EndGlobalSection
	GlobalSection(SolutionProperties) = preSolution
		HideSolutionNode = FALSE
	EndGlobalSection
	GlobalSection(ExtensibilityGlobals) = postSolution
		SolutionGuid = {420DC8BE-5A78-41E8-A921-8A87F1F996C8}
	EndGlobalSection
EndGlobal
